
Microsoft Visual Studio Solution File, Format Version 12.00
# Visual Studio Version 17
VisualStudioVersion = 17.13.35828.75
MinimumVisualStudioVersion = 10.0.40219.1
Project("{FAE04EC0-301F-11D3-BF4B-00C04F79EFBC}") = "Services", "Services\Services.csproj", "{EB98884E-D016-4AE2-AF2A-B2B22074B82B}"
EndProject
Project("{FAE04EC0-301F-11D3-BF4B-00C04F79EFBC}") = "FormUI", "FormUI\FormUI.csproj", "{5E4DA6BF-315E-4008-AED6-CEEE074715C7}"
EndProject
Project("{FAE04EC0-301F-11D3-BF4B-00C04F79EFBC}") = "DataAccess", "DataAccess\DataAccess.csproj", "{9B479186-4A42-4AE5-B050-88BF3C06215F}"
EndProject
Project("{FAE04EC0-301F-11D3-BF4B-00C04F79EFBC}") = "Logic", "Logic\Logic.csproj", "{0D22240C-4036-4F22-BA4E-6930E0448E7C}"
EndProject
Global
	GlobalSection(SolutionConfigurationPlatforms) = preSolution
		Debug|Any CPU = Debug|Any CPU
		Release|Any CPU = Release|Any CPU
	EndGlobalSection
	GlobalSection(ProjectConfigurationPlatforms) = postSolution
		{EB98884E-D016-4AE2-AF2A-B2B22074B82B}.Debug|Any CPU.ActiveCfg = Debug|Any CPU
		{EB98884E-D016-4AE2-AF2A-B2B22074B82B}.Debug|Any CPU.Build.0 = Debug|Any CPU
		{EB98884E-D016-4AE2-AF2A-B2B22074B82B}.Release|Any CPU.ActiveCfg = Release|Any CPU
		{EB98884E-D016-4AE2-AF2A-B2B22074B82B}.Release|Any CPU.Build.0 = Release|Any CPU
		{5E4DA6BF-315E-4008-AED6-CEEE074715C7}.Debug|Any CPU.ActiveCfg = Debug|Any CPU
		{5E4DA6BF-315E-4008-AED6-CEEE074715C7}.Debug|Any CPU.Build.0 = Debug|Any CPU
		{5E4DA6BF-315E-4008-AED6-CEEE074715C7}.Release|Any CPU.ActiveCfg = Release|Any CPU
		{5E4DA6BF-315E-4008-AED6-CEEE074715C7}.Release|Any CPU.Build.0 = Release|Any CPU
		{9B479186-4A42-4AE5-B050-88BF3C06215F}.Debug|Any CPU.ActiveCfg = Debug|Any CPU
		{9B479186-4A42-4AE5-B050-88BF3C06215F}.Debug|Any CPU.Build.0 = Debug|Any CPU
		{9B479186-4A42-4AE5-B050-88BF3C06215F}.Release|Any CPU.ActiveCfg = Release|Any CPU
		{9B479186-4A42-4AE5-B050-88BF3C06215F}.Release|Any CPU.Build.0 = Release|Any CPU
		{0D22240C-4036-4F22-BA4E-6930E0448E7C}.Debug|Any CPU.ActiveCfg = Debug|Any CPU
		{0D22240C-4036-4F22-BA4E-6930E0448E7C}.Debug|Any CPU.Build.0 = Debug|Any CPU
		{0D22240C-4036-4F22-BA4E-6930E0448E7C}.Release|Any CPU.ActiveCfg = Release|Any CPU
		{0D22240C-4036-4F22-BA4E-6930E0448E7C}.Release|Any CPU.Build.0 = Release|Any CPU
	EndGlobalSection
	GlobalSection(SolutionProperties) = preSolution
		HideSolutionNode = FALSE
	EndGlobalSection
	GlobalSection(ExtensibilityGlobals) = postSolution
		SolutionGuid = {17E9F148-9511-44DA-9D75-5FE0731CF6F9}
	EndGlobalSection
EndGlobal
